
Microsoft Visual Studio Solution File, Format Version 12.00
# Visual Studio 15
VisualStudioVersion = 15.0.28307.271
MinimumVisualStudioVersion = 10.0.40219.1
Project("{FAE04EC0-301F-11D3-BF4B-00C04F79EFBC}") = "BookingAgentRobot", "BookingAgentRobot\BookingAgentRobot.csproj", "{E6449A14-C8D1-46A5-9BD2-5929443FDD97}"
EndProject
Global
	GlobalSection(SolutionConfigurationPlatforms) = preSolution
		Debug|Any CPU = Debug|Any CPU
		Release|Any CPU = Release|Any CPU
	EndGlobalSection
	GlobalSection(ProjectConfigurationPlatforms) = postSolution
		{E6449A14-C8D1-46A5-9BD2-5929443FDD97}.Debug|Any CPU.ActiveCfg = Debug|Any CPU
		{E6449A14-C8D1-46A5-9BD2-5929443FDD97}.Debug|Any CPU.Build.0 = Debug|Any CPU
		{E6449A14-C8D1-46A5-9BD2-5929443FDD97}.Release|Any CPU.ActiveCfg = Release|Any CPU
		{E6449A14-C8D1-46A5-9BD2-5929443FDD97}.Release|Any CPU.Build.0 = Release|Any CPU
	EndGlobalSection
	GlobalSection(SolutionProperties) = preSolution
		HideSolutionNode = FALSE
	EndGlobalSection
	GlobalSection(ExtensibilityGlobals) = postSolution
		SolutionGuid = {2BF09F5E-BB6C-4BA8-B16B-9C5156283CA9}
	EndGlobalSection
EndGlobal
